// !$*UTF8*$!
{
	archiveVersion = 1;
	classes = {
	};
	objectVersion = 56;
	objects = {

/* Begin PBXBuildFile section */
		493F6CB22ACDA948002AE5E3 /* main.cpp in Sources */ = {isa = PBXBuildFile; fileRef = 493F6CB12ACDA948002AE5E3 /* main.cpp */; };
		499A62322ACDAA9D0007116C /* libLLVM.dylib in Frameworks */ = {isa = PBXBuildFile; fileRef = 499A62312ACDAA9D0007116C /* libLLVM.dylib */; };
		499A62332ACDAA9D0007116C /* libLLVM.dylib in Embed Libraries */ = {isa = PBXBuildFile; fileRef = 499A62312ACDAA9D0007116C /* libLLVM.dylib */; settings = {ATTRIBUTES = (CodeSignOnCopy, ); }; };
/* End PBXBuildFile section */

/* Begin PBXCopyFilesBuildPhase section */
		493F6CAC2ACDA948002AE5E3 /* CopyFiles */ = {
			isa = PBXCopyFilesBuildPhase;
			buildActionMask = 2147483647;
			dstPath = /usr/share/man/man1/;
			dstSubfolderSpec = 0;
			files = (
			);
			runOnlyForDeploymentPostprocessing = 1;
		};
		499A62342ACDAA9D0007116C /* Embed Libraries */ = {
			isa = PBXCopyFilesBuildPhase;
			buildActionMask = 2147483647;
			dstPath = "";
			dstSubfolderSpec = 10;
			files = (
				499A62332ACDAA9D0007116C /* libLLVM.dylib in Embed Libraries */,
			);
			name = "Embed Libraries";
			runOnlyForDeploymentPostprocessing = 0;
		};
/* End PBXCopyFilesBuildPhase section */

/* Begin PBXFileReference section */
		493F6CAE2ACDA948002AE5E3 /* bustry5 */ = {isa = PBXFileReference; explicitFileType = "compiled.mach-o.executable"; includeInIndex = 0; path = bustry5; sourceTree = BUILT_PRODUCTS_DIR; };
		493F6CB12ACDA948002AE5E3 /* main.cpp */ = {isa = PBXFileReference; lastKnownFileType = sourcecode.cpp.cpp; path = main.cpp; sourceTree = "<group>"; };
		499A62302ACDAA6A0007116C /* lib */ = {isa = PBXFileReference; lastKnownFileType = folder; name = lib; path = ../../../../opt/homebrew/Cellar/llvm/17.0.1/lib/clang/17/lib; sourceTree = "<group>"; };
		499A62312ACDAA9D0007116C /* libLLVM.dylib */ = {isa = PBXFileReference; lastKnownFileType = "compiled.mach-o.dylib"; name = libLLVM.dylib; path = ../../../../opt/homebrew/Cellar/llvm/17.0.1/lib/libLLVM.dylib; sourceTree = "<group>"; };
/* End PBXFileReference section */

/* Begin PBXFrameworksBuildPhase section */
		493F6CAB2ACDA948002AE5E3 /* Frameworks */ = {
			isa = PBXFrameworksBuildPhase;
			buildActionMask = 2147483647;
			files = (
				499A62322ACDAA9D0007116C /* libLLVM.dylib in Frameworks */,
			);
			runOnlyForDeploymentPostprocessing = 0;
		};
/* End PBXFrameworksBuildPhase section */

/* Begin PBXGroup section */
		493F6CA52ACDA948002AE5E3 = {
			isa = PBXGroup;
			children = (
				493F6CB02ACDA948002AE5E3 /* bustry5 */,
				493F6CAF2ACDA948002AE5E3 /* Products */,
				499A622F2ACDAA6A0007116C /* Frameworks */,
			);
			sourceTree = "<group>";
		};
		493F6CAF2ACDA948002AE5E3 /* Products */ = {
			isa = PBXGroup;
			children = (
				493F6CAE2ACDA948002AE5E3 /* bustry5 */,
			);
			name = Products;
			sourceTree = "<group>";
		};
		493F6CB02ACDA948002AE5E3 /* bustry5 */ = {
			isa = PBXGroup;
			children = (
				493F6CB12ACDA948002AE5E3 /* main.cpp */,
			);
			path = bustry5;
			sourceTree = "<group>";
		};
		499A622F2ACDAA6A0007116C /* Frameworks */ = {
			isa = PBXGroup;
			children = (
				499A62312ACDAA9D0007116C /* libLLVM.dylib */,
				499A62302ACDAA6A0007116C /* lib */,
			);
			name = Frameworks;
			sourceTree = "<group>";
		};
/* End PBXGroup section */

/* Begin PBXNativeTarget section */
		493F6CAD2ACDA948002AE5E3 /* bustry5 */ = {
			isa = PBXNativeTarget;
			buildConfigurationList = 493F6CB52ACDA948002AE5E3 /* Build configuration list for PBXNativeTarget "bustry5" */;
			buildPhases = (
				493F6CAA2ACDA948002AE5E3 /* Sources */,
				493F6CAB2ACDA948002AE5E3 /* Frameworks */,
				493F6CAC2ACDA948002AE5E3 /* CopyFiles */,
				499A62342ACDAA9D0007116C /* Embed Libraries */,
			);
			buildRules = (
			);
			dependencies = (
			);
			name = bustry5;
			productName = bustry5;
			productReference = 493F6CAE2ACDA948002AE5E3 /* bustry5 */;
			productType = "com.apple.product-type.tool";
		};
/* End PBXNativeTarget section */

/* Begin PBXProject section */
		493F6CA62ACDA948002AE5E3 /* Project object */ = {
			isa = PBXProject;
			attributes = {
				BuildIndependentTargetsInParallel = 1;
				LastUpgradeCheck = 1430;
				TargetAttributes = {
					493F6CAD2ACDA948002AE5E3 = {
						CreatedOnToolsVersion = 14.3.1;
					};
				};
			};
			buildConfigurationList = 493F6CA92ACDA948002AE5E3 /* Build configuration list for PBXProject "bustry5" */;
			compatibilityVersion = "Xcode 14.0";
			developmentRegion = en;
			hasScannedForEncodings = 0;
			knownRegions = (
				en,
				Base,
			);
			mainGroup = 493F6CA52ACDA948002AE5E3;
			productRefGroup = 493F6CAF2ACDA948002AE5E3 /* Products */;
			projectDirPath = "";
			projectRoot = "";
			targets = (
				493F6CAD2ACDA948002AE5E3 /* bustry5 */,
			);
		};
/* End PBXProject section */

/* Begin PBXSourcesBuildPhase section */
		493F6CAA2ACDA948002AE5E3 /* Sources */ = {
			isa = PBXSourcesBuildPhase;
			buildActionMask = 2147483647;
			files = (
				493F6CB22ACDA948002AE5E3 /* main.cpp in Sources */,
			);
			runOnlyForDeploymentPostprocessing = 0;
		};
/* End PBXSourcesBuildPhase section */

/* Begin XCBuildConfiguration section */
		493F6CB32ACDA948002AE5E3 /* Debug */ = {
			isa = XCBuildConfiguration;
			buildSettings = {
				ALWAYS_SEARCH_USER_PATHS = NO;
				CLANG_ANALYZER_NONNULL = YES;
				CLANG_ANALYZER_NUMBER_OBJECT_CONVERSION = YES_AGGRESSIVE;
				CLANG_CXX_LANGUAGE_STANDARD = "gnu++20";
				CLANG_ENABLE_MODULES = YES;
				CLANG_ENABLE_OBJC_ARC = YES;
				CLANG_ENABLE_OBJC_WEAK = YES;
				CLANG_WARN_BLOCK_CAPTURE_AUTORELEASING = YES;
				CLANG_WARN_BOOL_CONVERSION = YES;
				CLANG_WARN_COMMA = YES;
				CLANG_WARN_CONSTANT_CONVERSION = YES;
				CLANG_WARN_DEPRECATED_OBJC_IMPLEMENTATIONS = YES;
				CLANG_WARN_DIRECT_OBJC_ISA_USAGE = YES_ERROR;
				CLANG_WARN_DOCUMENTATION_COMMENTS = YES;
				CLANG_WARN_EMPTY_BODY = YES;
				CLANG_WARN_ENUM_CONVERSION = YES;
				CLANG_WARN_INFINITE_RECURSION = YES;
				CLANG_WARN_INT_CONVERSION = YES;
				CLANG_WARN_NON_LITERAL_NULL_CONVERSION = YES;
				CLANG_WARN_OBJC_IMPLICIT_RETAIN_SELF = YES;
				CLANG_WARN_OBJC_LITERAL_CONVERSION = YES;
				CLANG_WARN_OBJC_ROOT_CLASS = YES_ERROR;
				CLANG_WARN_QUOTED_INCLUDE_IN_FRAMEWORK_HEADER = YES;
				CLANG_WARN_RANGE_LOOP_ANALYSIS = YES;
				CLANG_WARN_STRICT_PROTOTYPES = YES;
				CLANG_WARN_SUSPICIOUS_MOVE = YES;
				CLANG_WARN_UNGUARDED_AVAILABILITY = YES_AGGRESSIVE;
				CLANG_WARN_UNREACHABLE_CODE = YES;
				CLANG_WARN__DUPLICATE_METHOD_MATCH = YES;
				COPY_PHASE_STRIP = NO;
				DEBUG_INFORMATION_FORMAT = dwarf;
				ENABLE_STRICT_OBJC_MSGSEND = YES;
				ENABLE_TESTABILITY = YES;
				GCC_C_LANGUAGE_STANDARD = gnu11;
				GCC_DYNAMIC_NO_PIC = NO;
				GCC_NO_COMMON_BLOCKS = YES;
				GCC_OPTIMIZATION_LEVEL = 0;
				GCC_PREPROCESSOR_DEFINITIONS = (
					"DEBUG=1",
					"$(inherited)",
				);
				GCC_WARN_64_TO_32_BIT_CONVERSION = YES;
				GCC_WARN_ABOUT_RETURN_TYPE = YES_ERROR;
				GCC_WARN_UNDECLARED_SELECTOR = YES;
				GCC_WARN_UNINITIALIZED_AUTOS = YES_AGGRESSIVE;
				GCC_WARN_UNUSED_FUNCTION = YES;
				GCC_WARN_UNUSED_VARIABLE = YES;
				MACOSX_DEPLOYMENT_TARGET = 13.2;
				MTL_ENABLE_DEBUG_INFO = INCLUDE_SOURCE;
				MTL_FAST_MATH = YES;
				ONLY_ACTIVE_ARCH = YES;
				SDKROOT = macosx;
			};
			name = Debug;
		};
		493F6CB42ACDA948002AE5E3 /* Release */ = {
			isa = XCBuildConfiguration;
			buildSettings = {
				ALWAYS_SEARCH_USER_PATHS = NO;
				CLANG_ANALYZER_NONNULL = YES;
				CLANG_ANALYZER_NUMBER_OBJECT_CONVERSION = YES_AGGRESSIVE;
				CLANG_CXX_LANGUAGE_STANDARD = "gnu++20";
				CLANG_ENABLE_MODULES = YES;
				CLANG_ENABLE_OBJC_ARC = YES;
				CLANG_ENABLE_OBJC_WEAK = YES;
				CLANG_WARN_BLOCK_CAPTURE_AUTORELEASING = YES;
				CLANG_WARN_BOOL_CONVERSION = YES;
				CLANG_WARN_COMMA = YES;
				CLANG_WARN_CONSTANT_CONVERSION = YES;
				CLANG_WARN_DEPRECATED_OBJC_IMPLEMENTATIONS = YES;
				CLANG_WARN_DIRECT_OBJC_ISA_USAGE = YES_ERROR;
				CLANG_WARN_DOCUMENTATION_COMMENTS = YES;
				CLANG_WARN_EMPTY_BODY = YES;
				CLANG_WARN_ENUM_CONVERSION = YES;
				CLANG_WARN_INFINITE_RECURSION = YES;
				CLANG_WARN_INT_CONVERSION = YES;
				CLANG_WARN_NON_LITERAL_NULL_CONVERSION = YES;
				CLANG_WARN_OBJC_IMPLICIT_RETAIN_SELF = YES;
				CLANG_WARN_OBJC_LITERAL_CONVERSION = YES;
				CLANG_WARN_OBJC_ROOT_CLASS = YES_ERROR;
				CLANG_WARN_QUOTED_INCLUDE_IN_FRAMEWORK_HEADER = YES;
				CLANG_WARN_RANGE_LOOP_ANALYSIS = YES;
				CLANG_WARN_STRICT_PROTOTYPES = YES;
				CLANG_WARN_SUSPICIOUS_MOVE = YES;
				CLANG_WARN_UNGUARDED_AVAILABILITY = YES_AGGRESSIVE;
				CLANG_WARN_UNREACHABLE_CODE = YES;
				CLANG_WARN__DUPLICATE_METHOD_MATCH = YES;
				COPY_PHASE_STRIP = NO;
				DEBUG_INFORMATION_FORMAT = "dwarf-with-dsym";
				ENABLE_NS_ASSERTIONS = NO;
				ENABLE_STRICT_OBJC_MSGSEND = YES;
				GCC_C_LANGUAGE_STANDARD = gnu11;
				GCC_NO_COMMON_BLOCKS = YES;
				GCC_WARN_64_TO_32_BIT_CONVERSION = YES;
				GCC_WARN_ABOUT_RETURN_TYPE = YES_ERROR;
				GCC_WARN_UNDECLARED_SELECTOR = YES;
				GCC_WARN_UNINITIALIZED_AUTOS = YES_AGGRESSIVE;
				GCC_WARN_UNUSED_FUNCTION = YES;
				GCC_WARN_UNUSED_VARIABLE = YES;
				MACOSX_DEPLOYMENT_TARGET = 13.2;
				MTL_ENABLE_DEBUG_INFO = NO;
				MTL_FAST_MATH = YES;
				SDKROOT = macosx;
			};
			name = Release;
		};
		493F6CB62ACDA948002AE5E3 /* Debug */ = {
			isa = XCBuildConfiguration;
			buildSettings = {
				CODE_SIGN_STYLE = Automatic;
				HEADER_SEARCH_PATHS = /opt/homebrew/Cellar/llvm/17.0.1/include/;
				LIBRARY_SEARCH_PATHS = (
					/opt/homebrew/Cellar/llvm/17.0.1/lib/,
					/opt/homebrew/Cellar/llvm/17.0.1/lib,
				);
				PRODUCT_NAME = "$(TARGET_NAME)";
			};
			name = Debug;
		};
		493F6CB72ACDA948002AE5E3 /* Release */ = {
			isa = XCBuildConfiguration;
			buildSettings = {
				CODE_SIGN_STYLE = Automatic;
				HEADER_SEARCH_PATHS = /opt/homebrew/Cellar/llvm/17.0.1/include/;
				LIBRARY_SEARCH_PATHS = (
					/opt/homebrew/Cellar/llvm/17.0.1/lib/,
					/opt/homebrew/Cellar/llvm/17.0.1/lib,
				);
				PRODUCT_NAME = "$(TARGET_NAME)";
			};
			name = Release;
		};
/* End XCBuildConfiguration section */

/* Begin XCConfigurationList section */
		493F6CA92ACDA948002AE5E3 /* Build configuration list for PBXProject "bustry5" */ = {
			isa = XCConfigurationList;
			buildConfigurations = (
				493F6CB32ACDA948002AE5E3 /* Debug */,
				493F6CB42ACDA948002AE5E3 /* Release */,
			);
			defaultConfigurationIsVisible = 0;
			defaultConfigurationName = Release;
		};
		493F6CB52ACDA948002AE5E3 /* Build configuration list for PBXNativeTarget "bustry5" */ = {
			isa = XCConfigurationList;
			buildConfigurations = (
				493F6CB62ACDA948002AE5E3 /* Debug */,
				493F6CB72ACDA948002AE5E3 /* Release */,
			);
			defaultConfigurationIsVisible = 0;
			defaultConfigurationName = Release;
		};
/* End XCConfigurationList section */
	};
	rootObject = 493F6CA62ACDA948002AE5E3 /* Project object */;
}
